
Microsoft Visual Studio Solution File, Format Version 12.00
# Visual Studio 14
VisualStudioVersion = 14.0.25420.1
MinimumVisualStudioVersion = 10.0.40219.1
Project("{FAE04EC0-301F-11D3-BF4B-00C04F79EFBC}") = "GardenPlanner", "GardenPlanner\GardenPlanner.csproj", "{C373CBAE-686C-4163-8AC7-FA9C4A737D8F}"
EndProject
Project("{54435603-DBB4-11D2-8724-00A0C9A8B90C}") = "GardenPlannerSetup", "GardenPlannerSetup\GardenPlannerSetup.vdproj", "{937E4D3B-FA5C-4524-ADA5-82882DC7F5B0}"
EndProject
Global
	GlobalSection(SolutionConfigurationPlatforms) = preSolution
		Debug|Any CPU = Debug|Any CPU
		Release|Any CPU = Release|Any CPU
	EndGlobalSection
	GlobalSection(ProjectConfigurationPlatforms) = postSolution
		{C373CBAE-686C-4163-8AC7-FA9C4A737D8F}.Debug|Any CPU.ActiveCfg = Debug|Any CPU
		{C373CBAE-686C-4163-8AC7-FA9C4A737D8F}.Debug|Any CPU.Build.0 = Debug|Any CPU
		{C373CBAE-686C-4163-8AC7-FA9C4A737D8F}.Release|Any CPU.ActiveCfg = Release|Any CPU
		{C373CBAE-686C-4163-8AC7-FA9C4A737D8F}.Release|Any CPU.Build.0 = Release|Any CPU
		{937E4D3B-FA5C-4524-ADA5-82882DC7F5B0}.Debug|Any CPU.ActiveCfg = Debug
		{937E4D3B-FA5C-4524-ADA5-82882DC7F5B0}.Release|Any CPU.ActiveCfg = Release
	EndGlobalSection
	GlobalSection(SolutionProperties) = preSolution
		HideSolutionNode = FALSE
	EndGlobalSection
EndGlobal
